{
  "version": 4,
  "terraform_version": "1.9.8",
  "serial": 144,
  "lineage": "bd4fc2ed-00bd-bae7-3dc2-89796793b2d7",
  "outputs": {},
  "resources": [
    {
      "mode": "managed",
      "type": "aws_eip_association",
      "name": "eip_assoc",
      "provider": "provider[\"registry.terraform.io/hashicorp/aws\"]",
      "instances": [
        {
          "schema_version": 0,
          "attributes": {
            "allocation_id": "eipalloc-6399ba52",
            "allow_reassociation": true,
            "id": "eipassoc-0d822ebb3d35ad8b3",
            "instance_id": "i-06243703f65c5ab77",
            "network_interface_id": "eni-0f0283d6ad9cfb1ed",
            "private_ip_address": "172.31.12.235",
            "public_ip": "34.202.116.250"
          },
          "sensitive_attributes": [],
          "private": "bnVsbA==",
          "dependencies": [
            "aws_instance.web_server"
          ]
        }
      ]
    },
    {
      "mode": "managed",
      "type": "aws_instance",
      "name": "web_server",
      "provider": "provider[\"registry.terraform.io/hashicorp/aws\"]",
      "instances": [
        {
          "schema_version": 1,
          "attributes": {
            "ami": "ami-0866a3c8686eaeeba",
            "arn": "arn:aws:ec2:us-east-1:250578684722:instance/i-06243703f65c5ab77",
            "associate_public_ip_address": true,
            "availability_zone": "us-east-1d",
            "capacity_reservation_specification": [
              {
                "capacity_reservation_preference": "open",
                "capacity_reservation_target": []
              }
            ],
            "cpu_core_count": 1,
            "cpu_options": [
              {
                "amd_sev_snp": "",
                "core_count": 1,
                "threads_per_core": 1
              }
            ],
            "cpu_threads_per_core": 1,
            "credit_specification": [
              {
                "cpu_credits": "standard"
              }
            ],
            "disable_api_stop": false,
            "disable_api_termination": false,
            "ebs_block_device": [],
            "ebs_optimized": false,
            "enclave_options": [
              {
                "enabled": false
              }
            ],
            "ephemeral_block_device": [],
            "get_password_data": false,
            "hibernation": false,
            "host_id": "",
            "host_resource_group_arn": null,
            "iam_instance_profile": "",
            "id": "i-06243703f65c5ab77",
            "instance_initiated_shutdown_behavior": "stop",
            "instance_lifecycle": "",
            "instance_market_options": [],
            "instance_state": "running",
            "instance_type": "t2.micro",
            "ipv6_address_count": 0,
            "ipv6_addresses": [],
            "key_name": "devops_challenge",
            "launch_template": [],
            "maintenance_options": [
              {
                "auto_recovery": "default"
              }
            ],
            "metadata_options": [
              {
                "http_endpoint": "enabled",
                "http_protocol_ipv6": "disabled",
                "http_put_response_hop_limit": 2,
                "http_tokens": "required",
                "instance_metadata_tags": "disabled"
              }
            ],
            "monitoring": false,
            "network_interface": [],
            "outpost_arn": "",
            "password_data": "",
            "placement_group": "",
            "placement_partition_number": 0,
            "primary_network_interface_id": "eni-0f0283d6ad9cfb1ed",
            "private_dns": "ip-172-31-12-235.ec2.internal",
            "private_dns_name_options": [
              {
                "enable_resource_name_dns_a_record": false,
                "enable_resource_name_dns_aaaa_record": false,
                "hostname_type": "ip-name"
              }
            ],
            "private_ip": "172.31.12.235",
            "public_dns": "ec2-3-88-216-231.compute-1.amazonaws.com",
            "public_ip": "3.88.216.231",
            "root_block_device": [
              {
                "delete_on_termination": true,
                "device_name": "/dev/sda1",
                "encrypted": false,
                "iops": 3000,
                "kms_key_id": "",
                "tags": {},
                "tags_all": {},
                "throughput": 125,
                "volume_id": "vol-023150619fc1882b6",
                "volume_size": 8,
                "volume_type": "gp3"
              }
            ],
            "secondary_private_ips": [],
            "security_groups": [
              "launch-wizard-8"
            ],
            "source_dest_check": true,
            "spot_instance_request_id": "",
            "subnet_id": "subnet-ffad5d89",
            "tags": {
              "Name": "cv-challenge02-server"
            },
            "tags_all": {
              "Name": "cv-challenge02-server"
            },
            "tenancy": "default",
            "timeouts": null,
            "user_data": "ad51937e639fd31c3c8a74067d21bfb33d8ae87f",
            "user_data_base64": null,
            "user_data_replace_on_change": false,
            "volume_tags": null,
            "vpc_security_group_ids": [
              "sg-0a77da11adb23ee49"
            ]
          },
          "sensitive_attributes": [],
          "private": "eyJlMmJmYjczMC1lY2FhLTExZTYtOGY4OC0zNDM2M2JjN2M0YzAiOnsiY3JlYXRlIjo2MDAwMDAwMDAwMDAsImRlbGV0ZSI6MTIwMDAwMDAwMDAwMCwicmVhZCI6OTAwMDAwMDAwMDAwLCJ1cGRhdGUiOjYwMDAwMDAwMDAwMH0sInNjaGVtYV92ZXJzaW9uIjoiMSJ9"
        }
      ]
    },
    {
      "mode": "managed",
      "type": "local_file",
      "name": "ansible_inventory",
      "provider": "provider[\"registry.terraform.io/hashicorp/local\"]",
      "instances": [
        {
          "status": "tainted",
          "schema_version": 0,
          "attributes": {
            "content": "[web_servers]\n34.202.116.250 ansible_user=ubuntu ansible_ssh_private_key_file=devops_challenge.pem\n",
            "content_base64": null,
            "content_base64sha256": "z6UpAPsIbd5qaK2IQ+zSf/zmJUI4CArJiKc0xJ8rRVE=",
            "content_base64sha512": "zikehwI+ZB9KCwz8oauoJi5EuLz0an3Iz7YUDOsM3b6hlU0fyv0xi/QkD4ChS33y4Rhym2hvGb14lHX9RobZkg==",
            "content_md5": "a38c2e04fa87233cdef5fbf321411980",
            "content_sha1": "784920c2300c32d1391b898f407a6acfb063a253",
            "content_sha256": "cfa52900fb086dde6a68ad8843ecd27ffce6254238080ac988a734c49f2b4551",
            "content_sha512": "ce291e87023e641f4a0b0cfca1aba8262e44b8bcf46a7dc8cfb6140ceb0cddbea1954d1fcafd318bf4240f80a14b7df2e118729b686f19bd789475fd4686d992",
            "directory_permission": "0777",
            "file_permission": "644",
            "filename": "./inventory.ini",
            "id": "784920c2300c32d1391b898f407a6acfb063a253",
            "sensitive_content": null,
            "source": null
          },
          "sensitive_attributes": [
            [
              {
                "type": "get_attr",
                "value": "sensitive_content"
              }
            ]
          ],
          "dependencies": [
            "aws_eip_association.eip_assoc",
            "aws_instance.web_server"
          ]
        }
      ]
    }
  ],
  "check_results": null
}
